
Microsoft Visual Studio Solution File, Format Version 12.00
# Visual Studio Version 17
VisualStudioVersion = 17.10.34607.79
MinimumVisualStudioVersion = 10.0.40219.1
Project("{FAE04EC0-301F-11D3-BF4B-00C04F79EFBC}") = "FluentSelectIssue", "FluentSelectIssue\FluentSelectIssue.csproj", "{24B24B37-25A0-4DD9-85D4-BCA50C34EEE6}"
EndProject
Project("{2150E333-8FDC-42A3-9474-1A3956D46DE8}") = "Solution Items", "Solution Items", "{6484EAF2-6FE5-401C-9C91-F2C380C6C82E}"
	ProjectSection(SolutionItems) = preProject
		README.md = README.md
	EndProjectSection
EndProject
Global
	GlobalSection(SolutionConfigurationPlatforms) = preSolution
		Debug|Any CPU = Debug|Any CPU
		Release|Any CPU = Release|Any CPU
	EndGlobalSection
	GlobalSection(ProjectConfigurationPlatforms) = postSolution
		{24B24B37-25A0-4DD9-85D4-BCA50C34EEE6}.Debug|Any CPU.ActiveCfg = Debug|Any CPU
		{24B24B37-25A0-4DD9-85D4-BCA50C34EEE6}.Debug|Any CPU.Build.0 = Debug|Any CPU
		{24B24B37-25A0-4DD9-85D4-BCA50C34EEE6}.Release|Any CPU.ActiveCfg = Release|Any CPU
		{24B24B37-25A0-4DD9-85D4-BCA50C34EEE6}.Release|Any CPU.Build.0 = Release|Any CPU
	EndGlobalSection
	GlobalSection(SolutionProperties) = preSolution
		HideSolutionNode = FALSE
	EndGlobalSection
	GlobalSection(ExtensibilityGlobals) = postSolution
		SolutionGuid = {292408A9-9F48-4963-960E-B2ECDAF41345}
	EndGlobalSection
EndGlobal
